
Microsoft Visual Studio Solution File, Format Version 12.00
# Visual Studio Version 17
VisualStudioVersion = 17.0.31919.166
MinimumVisualStudioVersion = 10.0.40219.1
Project("{FAE04EC0-301F-11D3-BF4B-00C04F79EFBC}") = "imgtoascii", "imgtoascii\imgtoascii.csproj", "{0AE29EB0-D667-4664-AD63-4C706E55CFB1}"
EndProject
Global
	GlobalSection(SolutionConfigurationPlatforms) = preSolution
		Debug|Any CPU = Debug|Any CPU
		Release|Any CPU = Release|Any CPU
	EndGlobalSection
	GlobalSection(ProjectConfigurationPlatforms) = postSolution
		{0AE29EB0-D667-4664-AD63-4C706E55CFB1}.Debug|Any CPU.ActiveCfg = Debug|Any CPU
		{0AE29EB0-D667-4664-AD63-4C706E55CFB1}.Debug|Any CPU.Build.0 = Debug|Any CPU
		{0AE29EB0-D667-4664-AD63-4C706E55CFB1}.Release|Any CPU.ActiveCfg = Release|Any CPU
		{0AE29EB0-D667-4664-AD63-4C706E55CFB1}.Release|Any CPU.Build.0 = Release|Any CPU
	EndGlobalSection
	GlobalSection(SolutionProperties) = preSolution
		HideSolutionNode = FALSE
	EndGlobalSection
	GlobalSection(ExtensibilityGlobals) = postSolution
		SolutionGuid = {F2113F2D-4B5C-4011-8F30-68D2282DFC20}
	EndGlobalSection
EndGlobal
